
Microsoft Visual Studio Solution File, Format Version 12.00
# Visual Studio 15
Project("{FAE04EC0-301F-11D3-BF4B-00C04F79EFBC}") = "Assembly-CSharp", "Assembly-CSharp.csproj", "{EFDE141E-6C9F-BCB5-05E7-A24A0CCFFF30}"
EndProject
Project("{FAE04EC0-301F-11D3-BF4B-00C04F79EFBC}") = "Assembly-CSharp-Editor", "Assembly-CSharp-Editor.csproj", "{1907A1E1-072B-F053-4DF2-F72427BDB87F}"
EndProject
Global
	GlobalSection(SolutionConfigurationPlatforms) = preSolution
		Debug|Any CPU = Debug|Any CPU
		Release|Any CPU = Release|Any CPU
	EndGlobalSection
	GlobalSection(ProjectConfigurationPlatforms) = postSolution
		{EFDE141E-6C9F-BCB5-05E7-A24A0CCFFF30}.Debug|Any CPU.ActiveCfg = Debug|Any CPU
		{EFDE141E-6C9F-BCB5-05E7-A24A0CCFFF30}.Debug|Any CPU.Build.0 = Debug|Any CPU
		{EFDE141E-6C9F-BCB5-05E7-A24A0CCFFF30}.Release|Any CPU.ActiveCfg = Release|Any CPU
		{EFDE141E-6C9F-BCB5-05E7-A24A0CCFFF30}.Release|Any CPU.Build.0 = Release|Any CPU
		{1907A1E1-072B-F053-4DF2-F72427BDB87F}.Debug|Any CPU.ActiveCfg = Debug|Any CPU
		{1907A1E1-072B-F053-4DF2-F72427BDB87F}.Debug|Any CPU.Build.0 = Debug|Any CPU
		{1907A1E1-072B-F053-4DF2-F72427BDB87F}.Release|Any CPU.ActiveCfg = Release|Any CPU
		{1907A1E1-072B-F053-4DF2-F72427BDB87F}.Release|Any CPU.Build.0 = Release|Any CPU
	EndGlobalSection
	GlobalSection(SolutionProperties) = preSolution
		HideSolutionNode = FALSE
	EndGlobalSection
EndGlobal
